
Microsoft Visual Studio Solution File, Format Version 12.00
# Visual Studio Version 16
VisualStudioVersion = 16.0.31911.196
MinimumVisualStudioVersion = 10.0.40219.1
Project("{FAE04EC0-301F-11D3-BF4B-00C04F79EFBC}") = "RaceGame", "RaceGame\RaceGame.csproj", "{2C508DE0-5CA6-4EC8-BF13-C882CE22F61B}"
EndProject
Global
	GlobalSection(SolutionConfigurationPlatforms) = preSolution
		Debug|Any CPU = Debug|Any CPU
		Release|Any CPU = Release|Any CPU
	EndGlobalSection
	GlobalSection(ProjectConfigurationPlatforms) = postSolution
		{2C508DE0-5CA6-4EC8-BF13-C882CE22F61B}.Debug|Any CPU.ActiveCfg = Debug|Any CPU
		{2C508DE0-5CA6-4EC8-BF13-C882CE22F61B}.Debug|Any CPU.Build.0 = Debug|Any CPU
		{2C508DE0-5CA6-4EC8-BF13-C882CE22F61B}.Release|Any CPU.ActiveCfg = Release|Any CPU
		{2C508DE0-5CA6-4EC8-BF13-C882CE22F61B}.Release|Any CPU.Build.0 = Release|Any CPU
	EndGlobalSection
	GlobalSection(SolutionProperties) = preSolution
		HideSolutionNode = FALSE
	EndGlobalSection
	GlobalSection(ExtensibilityGlobals) = postSolution
		SolutionGuid = {C41BA038-F248-47C9-A35F-9CF7C2BAE1F2}
	EndGlobalSection
EndGlobal
